{
  "name": "rual-portfolio",
  "version": "1.0.0",
  "lockfileVersion": 3,
  "requires": true,
  "packages": {
    "": {
      "name": "rual-portfolio",
      "version": "1.0.0",
      "dependencies": {
        "react": "18.3.1",
        "react-dom": "18.3.1",
        "next": "14.2.35",
        "framer-motion": "10.18.0",
        "clsx": "2.1.1"
      },
      "devDependencies": {
        "typescript": "5.9.3",
        "@types/react": "18.3.31",
        "@types/react-dom": "18.3.7",
        "@types/node": "20.19.43",
        "tailwindcss": "3.4.19",
        "autoprefixer": "10.5.4",
        "postcss": "8.5.20",
        "eslint": "8.57.1",
        "eslint-config-next": "14.2.35"
      }
    },
    "node_modules/react": {
      "version": "18.3.1",
      "resolved": "https://registry.npmjs.org/react/-/react-18.3.1.tgz",
      "dependencies": {
        "loose-envify": "^1.1.0"
      }
    },
    "node_modules/react-dom": {
      "version": "18.3.1",
      "resolved": "https://registry.npmjs.org/react-dom/-/react-dom-18.3.1.tgz",
      "peerDependencies": {
        "react": "^18.3.1"
      },
      "dependencies": {
        "loose-envify": "^1.1.0",
        "scheduler": "^0.23.2"
      }
    },
    "node_modules/next": {
      "version": "14.2.35",
      "resolved": "https://registry.npmjs.org/next/-/next-14.2.35.tgz",
      "engines": {
        "node": ">=18.17"
      },
      "dependencies": {
        "@next/env": "14.2.35",
        "@swc/helpers": "^0.5.5",
        "busboy": "^1.6.0",
        "graceful-fs": "^4.2.11",
        "postcss": "^8.4.31",
        "styled-jsx": "^5.1.1"
      },
      "peerDependencies": {
        "@opentelemetry/api": "^1.1.0",
        "react": "^18.0.0 || ^19.0.0-rc.0",
        "react-dom": "^18.0.0 || ^19.0.0-rc.0",
        "sass": "^1.3.0"
      },
      "peerDependenciesMeta": {
        "@opentelemetry/api": {
          "optional": true
        },
        "sass": {
          "optional": true
        }
      }
    },
    "node_modules/@next/env": {
      "version": "14.2.35",
      "resolved": "https://registry.npmjs.org/@next/env/-/env-14.2.35.tgz"
    },
    "node_modules/@swc/helpers": {
      "version": "0.5.5",
      "resolved": "https://registry.npmjs.org/@swc/helpers/-/helpers-0.5.5.tgz",
      "dependencies": {
        "tslib": "^2.4.0"
      }
    },
    "node_modules/tslib": {
      "version": "2.8.1",
      "resolved": "https://registry.npmjs.org/tslib/-/tslib-2.8.1.tgz"
    },
    "node_modules/busboy": {
      "version": "1.6.0",
      "resolved": "https://registry.npmjs.org/busboy/-/busboy-1.6.0.tgz",
      "dependencies": {
        "streamsearch": "^1.1.0"
      },
      "engines": {
        "node": ">=10.16.0"
      }
    },
    "node_modules/streamsearch": {
      "version": "1.1.0",
      "resolved": "https://registry.npmjs.org/streamsearch/-/streamsearch-1.1.0.tgz",
      "engines": {
        "node": ">=10"
      }
    },
    "node_modules/graceful-fs": {
      "version": "4.2.11",
      "resolved": "https://registry.npmjs.org/graceful-fs/-/graceful-fs-4.2.11.tgz"
    },
    "node_modules/postcss": {
      "version": "8.5.20",
      "resolved": "https://registry.npmjs.org/postcss/-/postcss-8.5.20.tgz",
      "dependencies": {
        "nanoid": "^3.3.4",
        "picocolors": "^1.1.1",
        "source-map-js": "^1.2.1"
      },
      "engines": {
        "node": "^10 || ^12 || >=14"
      }
    },
    "node_modules/nanoid": {
      "version": "3.3.16",
      "resolved": "https://registry.npmjs.org/nanoid/-/nanoid-3.3.16.tgz"
    },
    "node_modules/picocolors": {
      "version": "1.1.1",
      "resolved": "https://registry.npmjs.org/picocolors/-/picocolors-1.1.1.tgz"
    },
    "node_modules/source-map-js": {
      "version": "1.2.1",
      "resolved": "https://registry.npmjs.org/source-map-js/-/source-map-js-1.2.1.tgz",
      "engines": {
        "node": ">=0.10.0"
      }
    },
    "node_modules/styled-jsx": {
      "version": "5.1.1",
      "resolved": "https://registry.npmjs.org/styled-jsx/-/styled-jsx-5.1.1.tgz",
      "peerDependencies": {
        "react": ">= 16.8.0 || 17.x.x || ^18.0.0-0"
      },
      "dependencies": {
        "client-only": "^0.0.1"
      }
    },
    "node_modules/client-only": {
      "version": "0.0.1",
      "resolved": "https://registry.npmjs.org/client-only/-/client-only-0.0.1.tgz"
    },
    "node_modules/framer-motion": {
      "version": "10.18.0",
      "resolved": "https://registry.npmjs.org/framer-motion/-/framer-motion-10.18.0.tgz",
      "peerDependencies": {
        "react": ">=16.8 || ^17.0 || ^18.0",
        "react-dom": ">=16.8 || ^17.0 || ^18.0"
      },
      "dependencies": {
        "tslib": "^2.4.0",
        "@emotion/is-prop-valid": "^0.8.2"
      }
    },
    "node_modules/@emotion/is-prop-valid": {
      "version": "0.8.8",
      "resolved": "https://registry.npmjs.org/@emotion/is-prop-valid/-/is-prop-valid-0.8.8.tgz",
      "dependencies": {
        "@emotion/memoize": "^0.7.4"
      }
    },
    "node_modules/@emotion/memoize": {
      "version": "0.7.4",
      "resolved": "https://registry.npmjs.org/@emotion/memoize/-/memoize-0.7.4.tgz"
    },
    "node_modules/clsx": {
      "version": "2.1.1",
      "resolved": "https://registry.npmjs.org/clsx/-/clsx-2.1.1.tgz"
    },
    "node_modules/loose-envify": {
      "version": "1.4.0",
      "resolved": "https://registry.npmjs.org/loose-envify/-/loose-envify-1.4.0.tgz",
      "dependencies": {
        "js-tokens": "^3.0.0 || ^4.0.0"
      }
    },
    "node_modules/js-tokens": {
      "version": "4.0.0",
      "resolved": "https://registry.npmjs.org/js-tokens/-/js-tokens-4.0.0.tgz"
    },
    "node_modules/scheduler": {
      "version": "0.23.2",
      "resolved": "https://registry.npmjs.org/scheduler/-/scheduler-0.23.2.tgz",
      "dependencies": {
        "loose-envify": "^1.1.0"
      }
    },
    "node_modules/typescript": {
      "version": "5.9.3",
      "resolved": "https://registry.npmjs.org/typescript/-/typescript-5.9.3.tgz",
      "engines": {
        "node": ">=14.6"
      }
    },
    "node_modules/@types/react": {
      "version": "18.3.31",
      "resolved": "https://registry.npmjs.org/@types/react/-/react-18.3.31.tgz",
      "dependencies": {
        "@types/prop-types": "*",
        "csstype": "^3.1.0"
      }
    },
    "node_modules/@types/prop-types": {
      "version": "15.7.15",
      "resolved": "https://registry.npmjs.org/@types/prop-types/-/prop-types-15.7.15.tgz"
    },
    "node_modules/csstype": {
      "version": "3.2.3",
      "resolved": "https://registry.npmjs.org/csstype/-/csstype-3.2.3.tgz"
    },
    "node_modules/@types/react-dom": {
      "version": "18.3.7",
      "resolved": "https://registry.npmjs.org/@types/react-dom/-/react-dom-18.3.7.tgz",
      "dependencies": {
        "@types/react": "^18.3.0"
      }
    },
    "node_modules/@types/node": {
      "version": "20.19.43",
      "resolved": "https://registry.npmjs.org/@types/node/-/node-20.19.43.tgz"
    },
    "node_modules/tailwindcss": {
      "version": "3.4.19",
      "resolved": "https://registry.npmjs.org/tailwindcss/-/tailwindcss-3.4.19.tgz",
      "dependencies": {
        "@alloc/quick-lru": "^5.2.0",
        "arg": "^5.0.2",
        "chokidar": "^3.5.3",
        "didyoumean": "^1.2.2",
        "dlv": "^1.1.3",
        "fast-glob": "^3.3.2",
        "jiti": "^1.21.0",
        "lilconfig": "^3.1.0",
        "postcss": "^8.4.39",
        "postcss-import": "^15.1.0",
        "postcss-js": "^4.1.1",
        "postcss-load-config": "^6.0.0",
        "postcss-nested": "^6.2.0",
        "postcss-selector-parser": "^6.2.4",
        "resolve": "^1.22.2",
        "sucrase": "^3.35.0"
      },
      "engines": {
        "node": ">=14.0"
      }
    },
    "node_modules/autoprefixer": {
      "version": "10.5.4",
      "resolved": "https://registry.npmjs.org/autoprefixer/-/autoprefixer-10.5.4.tgz",
      "dependencies": {
        "browserslist": "^4.23.0",
        "caniuse-lite": "^1.0.30001640",
        "fraction.js": "^4.3.7",
        "normalize-range": "^0.1.2",
        "num2fraction": "^1.2.6"
      },
      "engines": {
        "node": "^10 || ^12 || >=14.0"
      }
    },
    "node_modules/browserslist": {
      "version": "4.28.6",
      "resolved": "https://registry.npmjs.org/browserslist/-/browserslist-4.28.6.tgz",
      "dependencies": {
        "caniuse-lite": "^1.0.30001640",
        "electron-to-chromium": "^1.5.41",
        "node-releases": "^2.0.18",
        "update-browserslist-db": "^1.2.3"
      },
      "engines": {
        "node": "^6 || ^7 || ^8 || ^9 || ^10 || ^11 || ^12 || >=13.7"
      }
    },
    "node_modules/caniuse-lite": {
      "version": "1.0.30001806",
      "resolved": "https://registry.npmjs.org/caniuse-lite/-/caniuse-lite-1.0.30001806.tgz"
    },
    "node_modules/electron-to-chromium": {
      "version": "1.5.393",
      "resolved": "https://registry.npmjs.org/electron-to-chromium/-/electron-to-chromium-1.5.393.tgz"
    },
    "node_modules/node-releases": {
      "version": "2.0.51",
      "resolved": "https://registry.npmjs.org/node-releases/-/node-releases-2.0.51.tgz"
    },
    "node_modules/update-browserslist-db": {
      "version": "1.2.3",
      "resolved": "https://registry.npmjs.org/update-browserslist-db/-/update-browserslist-db-1.2.3.tgz",
      "dependencies": {
        "escalade": "^3.2.0",
        "picocolors": "^1.1.1"
      },
      "engines": {
        "node": "^12.20.0 || ^14.14.0 || >=16.0.0"
      }
    },
    "node_modules/escalade": {
      "version": "3.2.0",
      "resolved": "https://registry.npmjs.org/escalade/-/escalade-3.2.0.tgz",
      "engines": {
        "node": ">=6"
      }
    },
    "node_modules/fraction.js": {
      "version": "4.3.7",
      "resolved": "https://registry.npmjs.org/fraction.js/-/fraction.js-4.3.7.tgz"
    },
    "node_modules/normalize-range": {
      "version": "0.1.2",
      "resolved": "https://registry.npmjs.org/normalize-range/-/normalize-range-0.1.2.tgz"
    },
    "node_modules/num2fraction": {
      "version": "1.2.6",
      "resolved": "https://registry.npmjs.org/num2fraction/-/num2fraction-1.2.6.tgz"
    },
    "node_modules/eslint": {
      "version": "8.57.1",
      "resolved": "https://registry.npmjs.org/eslint/-/eslint-8.57.1.tgz"
    },
    "node_modules/eslint-config-next": {
      "version": "14.2.35",
      "resolved": "https://registry.npmjs.org/eslint-config-next/-/eslint-config-next-14.2.35.tgz",
      "peerDependencies": {
        "eslint": "^7.23.0 || ^8.0.0",
        "typescript": ">=3.3.1"
      }
    },
    "node_modules/@alloc/quick-lru": {
      "version": "5.2.0",
      "resolved": "https://registry.npmjs.org/@alloc/quick-lru/-/quick-lru-5.2.0.tgz"
    },
    "node_modules/arg": {
      "version": "5.0.2",
      "resolved": "https://registry.npmjs.org/arg/-/arg-5.0.2.tgz"
    },
    "node_modules/chokidar": {
      "version": "3.6.0",
      "resolved": "https://registry.npmjs.org/chokidar/-/chokidar-3.6.0.tgz"
    },
    "node_modules/didyoumean": {
      "version": "1.2.2",
      "resolved": "https://registry.npmjs.org/didyoumean/-/didyoumean-1.2.2.tgz"
    },
    "node_modules/dlv": {
      "version": "1.1.3",
      "resolved": "https://registry.npmjs.org/dlv/-/dlv-1.1.3.tgz"
    },
    "node_modules/fast-glob": {
      "version": "3.3.3",
      "resolved": "https://registry.npmjs.org/fast-glob/-/fast-glob-3.3.3.tgz"
    },
    "node_modules/jiti": {
      "version": "1.21.7",
      "resolved": "https://registry.npmjs.org/jiti/-/jiti-1.21.7.tgz"
    },
    "node_modules/lilconfig": {
      "version": "3.1.3",
      "resolved": "https://registry.npmjs.org/lilconfig/-/lilconfig-3.1.3.tgz"
    },
    "node_modules/postcss-import": {
      "version": "15.1.0",
      "resolved": "https://registry.npmjs.org/postcss-import/-/postcss-import-15.1.0.tgz"
    },
    "node_modules/postcss-js": {
      "version": "4.1.1",
      "resolved": "https://registry.npmjs.org/postcss-js/-/postcss-js-4.1.1.tgz"
    },
    "node_modules/postcss-load-config": {
      "version": "6.0.1",
      "resolved": "https://registry.npmjs.org/postcss-load-config/-/postcss-load-config-6.0.1.tgz"
    },
    "node_modules/postcss-nested": {
      "version": "6.2.0",
      "resolved": "https://registry.npmjs.org/postcss-nested/-/postcss-nested-6.2.0.tgz"
    },
    "node_modules/postcss-selector-parser": {
      "version": "6.1.4",
      "resolved": "https://registry.npmjs.org/postcss-selector-parser/-/postcss-selector-parser-6.1.4.tgz"
    },
    "node_modules/resolve": {
      "version": "1.22.12",
      "resolved": "https://registry.npmjs.org/resolve/-/resolve-1.22.12.tgz"
    },
    "node_modules/sucrase": {
      "version": "3.35.1",
      "resolved": "https://registry.npmjs.org/sucrase/-/sucrase-3.35.1.tgz"
    }
  }
}
